// !$*UTF8*$!
{
	archiveVersion = 1;
	classes = {
	};
	objectVersion = 46;
	objects = {

/* Begin PBXBuildFile section */
		A26F03491BF50F0C00C8BAAD /* ZTAppDependencies.m in Sources */ = {isa = PBXBuildFile; fileRef = A26F03481BF50F0C00C8BAAD /* ZTAppDependencies.m */; };
		A26F03511BF511DC00C8BAAD /* ZTVideoBoxItem.m in Sources */ = {isa = PBXBuildFile; fileRef = A26F03501BF511DC00C8BAAD /* ZTVideoBoxItem.m */; };
		A26F03541BF5126F00C8BAAD /* ZTDataStore.m in Sources */ = {isa = PBXBuildFile; fileRef = A26F03531BF5126F00C8BAAD /* ZTDataStore.m */; };
		A26F03571BF512B000C8BAAD /* ZTRootWireframe.m in Sources */ = {isa = PBXBuildFile; fileRef = A26F03561BF512B000C8BAAD /* ZTRootWireframe.m */; };
		A26F03621BF5157D00C8BAAD /* ZTVideoBoxesDataManager.m in Sources */ = {isa = PBXBuildFile; fileRef = A26F03611BF5157D00C8BAAD /* ZTVideoBoxesDataManager.m */; };
		A26F03651BF5621A00C8BAAD /* ZTVideoBoxesInteractor.m in Sources */ = {isa = PBXBuildFile; fileRef = A26F03641BF5621A00C8BAAD /* ZTVideoBoxesInteractor.m */; };
		A26F03691BF574E400C8BAAD /* ZTVideoBoxesPresenter.m in Sources */ = {isa = PBXBuildFile; fileRef = A26F03681BF574E400C8BAAD /* ZTVideoBoxesPresenter.m */; };
		A26F036C1BF5763C00C8BAAD /* ZTVideoBoxesWireframe.m in Sources */ = {isa = PBXBuildFile; fileRef = A26F036B1BF5763C00C8BAAD /* ZTVideoBoxesWireframe.m */; };
		A2FF396D1BF4D83600E261E3 /* main.m in Sources */ = {isa = PBXBuildFile; fileRef = A2FF396C1BF4D83600E261E3 /* main.m */; };
		A2FF39701BF4D83600E261E3 /* ZTAppDelegate.m in Sources */ = {isa = PBXBuildFile; fileRef = A2FF396F1BF4D83600E261E3 /* ZTAppDelegate.m */; };
		A2FF39731BF4D83600E261E3 /* ZTVideoBoxesViewController.m in Sources */ = {isa = PBXBuildFile; fileRef = A2FF39721BF4D83600E261E3 /* ZTVideoBoxesViewController.m */; };
		A2FF39761BF4D83600E261E3 /* Main.storyboard in Resources */ = {isa = PBXBuildFile; fileRef = A2FF39741BF4D83600E261E3 /* Main.storyboard */; };
		A2FF39791BF4D83600E261E3 /* ZazoVIPERTest.xcdatamodeld in Sources */ = {isa = PBXBuildFile; fileRef = A2FF39771BF4D83600E261E3 /* ZazoVIPERTest.xcdatamodeld */; };
		A2FF397B1BF4D83600E261E3 /* Assets.xcassets in Resources */ = {isa = PBXBuildFile; fileRef = A2FF397A1BF4D83600E261E3 /* Assets.xcassets */; };
		A2FF397E1BF4D83600E261E3 /* LaunchScreen.storyboard in Resources */ = {isa = PBXBuildFile; fileRef = A2FF397C1BF4D83600E261E3 /* LaunchScreen.storyboard */; };
		A2FF39891BF4D83600E261E3 /* ZazoVIPERTestTests.m in Sources */ = {isa = PBXBuildFile; fileRef = A2FF39881BF4D83600E261E3 /* ZazoVIPERTestTests.m */; };
		A2FF39941BF4D83600E261E3 /* ZazoVIPERTestUITests.m in Sources */ = {isa = PBXBuildFile; fileRef = A2FF39931BF4D83600E261E3 /* ZazoVIPERTestUITests.m */; };
/* End PBXBuildFile section */

/* Begin PBXContainerItemProxy section */
		A2FF39851BF4D83600E261E3 /* PBXContainerItemProxy */ = {
			isa = PBXContainerItemProxy;
			containerPortal = A2FF39601BF4D83600E261E3 /* Project object */;
			proxyType = 1;
			remoteGlobalIDString = A2FF39671BF4D83600E261E3;
			remoteInfo = ZazoVIPERTest;
		};
		A2FF39901BF4D83600E261E3 /* PBXContainerItemProxy */ = {
			isa = PBXContainerItemProxy;
			containerPortal = A2FF39601BF4D83600E261E3 /* Project object */;
			proxyType = 1;
			remoteGlobalIDString = A2FF39671BF4D83600E261E3;
			remoteInfo = ZazoVIPERTest;
		};
/* End PBXContainerItemProxy section */

/* Begin PBXFileReference section */
		A26F03471BF50F0C00C8BAAD /* ZTAppDependencies.h */ = {isa = PBXFileReference; fileEncoding = 4; lastKnownFileType = sourcecode.c.h; path = ZTAppDependencies.h; sourceTree = "<group>"; };
		A26F03481BF50F0C00C8BAAD /* ZTAppDependencies.m */ = {isa = PBXFileReference; fileEncoding = 4; lastKnownFileType = sourcecode.c.objc; path = ZTAppDependencies.m; sourceTree = "<group>"; };
		A26F034A1BF50F5700C8BAAD /* ZazoVIPERTest-Prefix.pch */ = {isa = PBXFileReference; lastKnownFileType = sourcecode.c.h; path = "ZazoVIPERTest-Prefix.pch"; sourceTree = "<group>"; };
		A26F034F1BF511DC00C8BAAD /* ZTVideoBoxItem.h */ = {isa = PBXFileReference; fileEncoding = 4; lastKnownFileType = sourcecode.c.h; path = ZTVideoBoxItem.h; sourceTree = "<group>"; };
		A26F03501BF511DC00C8BAAD /* ZTVideoBoxItem.m */ = {isa = PBXFileReference; fileEncoding = 4; lastKnownFileType = sourcecode.c.objc; path = ZTVideoBoxItem.m; sourceTree = "<group>"; };
		A26F03521BF5126F00C8BAAD /* ZTDataStore.h */ = {isa = PBXFileReference; fileEncoding = 4; lastKnownFileType = sourcecode.c.h; path = ZTDataStore.h; sourceTree = "<group>"; };
		A26F03531BF5126F00C8BAAD /* ZTDataStore.m */ = {isa = PBXFileReference; fileEncoding = 4; lastKnownFileType = sourcecode.c.objc; path = ZTDataStore.m; sourceTree = "<group>"; };
		A26F03551BF512B000C8BAAD /* ZTRootWireframe.h */ = {isa = PBXFileReference; fileEncoding = 4; lastKnownFileType = sourcecode.c.h; path = ZTRootWireframe.h; sourceTree = "<group>"; };
		A26F03561BF512B000C8BAAD /* ZTRootWireframe.m */ = {isa = PBXFileReference; fileEncoding = 4; lastKnownFileType = sourcecode.c.objc; path = ZTRootWireframe.m; sourceTree = "<group>"; };
		A26F03601BF5157D00C8BAAD /* ZTVideoBoxesDataManager.h */ = {isa = PBXFileReference; fileEncoding = 4; lastKnownFileType = sourcecode.c.h; path = ZTVideoBoxesDataManager.h; sourceTree = "<group>"; };
		A26F03611BF5157D00C8BAAD /* ZTVideoBoxesDataManager.m */ = {isa = PBXFileReference; fileEncoding = 4; lastKnownFileType = sourcecode.c.objc; path = ZTVideoBoxesDataManager.m; sourceTree = "<group>"; };
		A26F03631BF5621A00C8BAAD /* ZTVideoBoxesInteractor.h */ = {isa = PBXFileReference; fileEncoding = 4; lastKnownFileType = sourcecode.c.h; path = ZTVideoBoxesInteractor.h; sourceTree = "<group>"; };
		A26F03641BF5621A00C8BAAD /* ZTVideoBoxesInteractor.m */ = {isa = PBXFileReference; fileEncoding = 4; lastKnownFileType = sourcecode.c.objc; path = ZTVideoBoxesInteractor.m; sourceTree = "<group>"; };
		A26F03661BF5741C00C8BAAD /* ZTVideoBoxesModuleInterface.h */ = {isa = PBXFileReference; lastKnownFileType = sourcecode.c.h; path = ZTVideoBoxesModuleInterface.h; sourceTree = "<group>"; };
		A26F03671BF574E400C8BAAD /* ZTVideoBoxesPresenter.h */ = {isa = PBXFileReference; fileEncoding = 4; lastKnownFileType = sourcecode.c.h; path = ZTVideoBoxesPresenter.h; sourceTree = "<group>"; };
		A26F03681BF574E400C8BAAD /* ZTVideoBoxesPresenter.m */ = {isa = PBXFileReference; fileEncoding = 4; lastKnownFileType = sourcecode.c.objc; path = ZTVideoBoxesPresenter.m; sourceTree = "<group>"; };
		A26F036A1BF5763C00C8BAAD /* ZTVideoBoxesWireframe.h */ = {isa = PBXFileReference; fileEncoding = 4; lastKnownFileType = sourcecode.c.h; path = ZTVideoBoxesWireframe.h; sourceTree = "<group>"; };
		A26F036B1BF5763C00C8BAAD /* ZTVideoBoxesWireframe.m */ = {isa = PBXFileReference; fileEncoding = 4; lastKnownFileType = sourcecode.c.objc; path = ZTVideoBoxesWireframe.m; sourceTree = "<group>"; };
		A26F036D1BF57C7B00C8BAAD /* ZTVideoBoxesViewInterface.h */ = {isa = PBXFileReference; lastKnownFileType = sourcecode.c.h; path = ZTVideoBoxesViewInterface.h; sourceTree = "<group>"; };
		A26F036F1BF661FC00C8BAAD /* ZTVideoBoxesInteractorIO.h */ = {isa = PBXFileReference; lastKnownFileType = sourcecode.c.h; path = ZTVideoBoxesInteractorIO.h; sourceTree = "<group>"; };
		A2FF39681BF4D83600E261E3 /* ZazoVIPERTest.app */ = {isa = PBXFileReference; explicitFileType = wrapper.application; includeInIndex = 0; path = ZazoVIPERTest.app; sourceTree = BUILT_PRODUCTS_DIR; };
		A2FF396C1BF4D83600E261E3 /* main.m */ = {isa = PBXFileReference; lastKnownFileType = sourcecode.c.objc; path = main.m; sourceTree = "<group>"; };
		A2FF396E1BF4D83600E261E3 /* ZTAppDelegate.h */ = {isa = PBXFileReference; lastKnownFileType = sourcecode.c.h; path = ZTAppDelegate.h; sourceTree = "<group>"; };
		A2FF396F1BF4D83600E261E3 /* ZTAppDelegate.m */ = {isa = PBXFileReference; lastKnownFileType = sourcecode.c.objc; path = ZTAppDelegate.m; sourceTree = "<group>"; };
		A2FF39711BF4D83600E261E3 /* ZTVideoBoxesViewController.h */ = {isa = PBXFileReference; lastKnownFileType = sourcecode.c.h; path = ZTVideoBoxesViewController.h; sourceTree = "<group>"; };
		A2FF39721BF4D83600E261E3 /* ZTVideoBoxesViewController.m */ = {isa = PBXFileReference; lastKnownFileType = sourcecode.c.objc; path = ZTVideoBoxesViewController.m; sourceTree = "<group>"; };
		A2FF39751BF4D83600E261E3 /* Base */ = {isa = PBXFileReference; lastKnownFileType = file.storyboard; name = Base; path = Base.lproj/Main.storyboard; sourceTree = "<group>"; };
		A2FF39781BF4D83600E261E3 /* ZazoVIPERTest.xcdatamodel */ = {isa = PBXFileReference; lastKnownFileType = wrapper.xcdatamodel; path = ZazoVIPERTest.xcdatamodel; sourceTree = "<group>"; };
		A2FF397A1BF4D83600E261E3 /* Assets.xcassets */ = {isa = PBXFileReference; lastKnownFileType = folder.assetcatalog; path = Assets.xcassets; sourceTree = "<group>"; };
		A2FF397D1BF4D83600E261E3 /* Base */ = {isa = PBXFileReference; lastKnownFileType = file.storyboard; name = Base; path = Base.lproj/LaunchScreen.storyboard; sourceTree = "<group>"; };
		A2FF397F1BF4D83600E261E3 /* Info.plist */ = {isa = PBXFileReference; lastKnownFileType = text.plist.xml; path = Info.plist; sourceTree = "<group>"; };
		A2FF39841BF4D83600E261E3 /* ZazoVIPERTestTests.xctest */ = {isa = PBXFileReference; explicitFileType = wrapper.cfbundle; includeInIndex = 0; path = ZazoVIPERTestTests.xctest; sourceTree = BUILT_PRODUCTS_DIR; };
		A2FF39881BF4D83600E261E3 /* ZazoVIPERTestTests.m */ = {isa = PBXFileReference; lastKnownFileType = sourcecode.c.objc; path = ZazoVIPERTestTests.m; sourceTree = "<group>"; };
		A2FF398A1BF4D83600E261E3 /* Info.plist */ = {isa = PBXFileReference; lastKnownFileType = text.plist.xml; path = Info.plist; sourceTree = "<group>"; };
		A2FF398F1BF4D83600E261E3 /* ZazoVIPERTestUITests.xctest */ = {isa = PBXFileReference; explicitFileType = wrapper.cfbundle; includeInIndex = 0; path = ZazoVIPERTestUITests.xctest; sourceTree = BUILT_PRODUCTS_DIR; };
		A2FF39931BF4D83600E261E3 /* ZazoVIPERTestUITests.m */ = {isa = PBXFileReference; lastKnownFileType = sourcecode.c.objc; path = ZazoVIPERTestUITests.m; sourceTree = "<group>"; };
		A2FF39951BF4D83600E261E3 /* Info.plist */ = {isa = PBXFileReference; lastKnownFileType = text.plist.xml; path = Info.plist; sourceTree = "<group>"; };
/* End PBXFileReference section */

/* Begin PBXFrameworksBuildPhase section */
		A2FF39651BF4D83600E261E3 /* Frameworks */ = {
			isa = PBXFrameworksBuildPhase;
			buildActionMask = 2147483647;
			files = (
			);
			runOnlyForDeploymentPostprocessing = 0;
		};
		A2FF39811BF4D83600E261E3 /* Frameworks */ = {
			isa = PBXFrameworksBuildPhase;
			buildActionMask = 2147483647;
			files = (
			);
			runOnlyForDeploymentPostprocessing = 0;
		};
		A2FF398C1BF4D83600E261E3 /* Frameworks */ = {
			isa = PBXFrameworksBuildPhase;
			buildActionMask = 2147483647;
			files = (
			);
			runOnlyForDeploymentPostprocessing = 0;
		};
/* End PBXFrameworksBuildPhase section */

/* Begin PBXGroup section */
		A26F03421BF50DD600C8BAAD /* Classes */ = {
			isa = PBXGroup;
			children = (
				A26F03441BF50EA800C8BAAD /* Common */,
				A26F03451BF50EB400C8BAAD /* Modules */,
				A2FF396E1BF4D83600E261E3 /* ZTAppDelegate.h */,
				A2FF396F1BF4D83600E261E3 /* ZTAppDelegate.m */,
				A26F03471BF50F0C00C8BAAD /* ZTAppDependencies.h */,
				A26F03481BF50F0C00C8BAAD /* ZTAppDependencies.m */,
			);
			name = Classes;
			sourceTree = "<group>";
		};
		A26F03431BF50DE100C8BAAD /* Resources */ = {
			isa = PBXGroup;
			children = (
				A2FF397A1BF4D83600E261E3 /* Assets.xcassets */,
				A2FF39741BF4D83600E261E3 /* Main.storyboard */,
				A2FF397C1BF4D83600E261E3 /* LaunchScreen.storyboard */,
			);
			name = Resources;
			sourceTree = "<group>";
		};
		A26F03441BF50EA800C8BAAD /* Common */ = {
			isa = PBXGroup;
			children = (
				A26F034B1BF5113D00C8BAAD /* Categories */,
				A26F034C1BF5114D00C8BAAD /* Model */,
				A26F034D1BF5116600C8BAAD /* Store */,
				A26F034E1BF5118300C8BAAD /* View */,
			);
			name = Common;
			sourceTree = "<group>";
		};
		A26F03451BF50EB400C8BAAD /* Modules */ = {
			isa = PBXGroup;
			children = (
				A26F03461BF50EE000C8BAAD /* VideoBoxes */,
			);
			name = Modules;
			sourceTree = "<group>";
		};
		A26F03461BF50EE000C8BAAD /* VideoBoxes */ = {
			isa = PBXGroup;
			children = (
				A26F03581BF513E900C8BAAD /* ApplicationLogic */,
				A26F03591BF513F100C8BAAD /* ModuleInterface */,
				A26F035A1BF513FF00C8BAAD /* UserInterface */,
			);
			name = VideoBoxes;
			sourceTree = "<group>";
		};
		A26F034B1BF5113D00C8BAAD /* Categories */ = {
			isa = PBXGroup;
			children = (
			);
			name = Categories;
			sourceTree = "<group>";
		};
		A26F034C1BF5114D00C8BAAD /* Model */ = {
			isa = PBXGroup;
			children = (
				A26F034F1BF511DC00C8BAAD /* ZTVideoBoxItem.h */,
				A26F03501BF511DC00C8BAAD /* ZTVideoBoxItem.m */,
			);
			name = Model;
			sourceTree = "<group>";
		};
		A26F034D1BF5116600C8BAAD /* Store */ = {
			isa = PBXGroup;
			children = (
				A26F03521BF5126F00C8BAAD /* ZTDataStore.h */,
				A26F03531BF5126F00C8BAAD /* ZTDataStore.m */,
			);
			name = Store;
			sourceTree = "<group>";
		};
		A26F034E1BF5118300C8BAAD /* View */ = {
			isa = PBXGroup;
			children = (
				A26F03551BF512B000C8BAAD /* ZTRootWireframe.h */,
				A26F03561BF512B000C8BAAD /* ZTRootWireframe.m */,
			);
			name = View;
			sourceTree = "<group>";
		};
		A26F03581BF513E900C8BAAD /* ApplicationLogic */ = {
			isa = PBXGroup;
			children = (
				A26F035B1BF5143900C8BAAD /* Interactor */,
				A26F035C1BF5144800C8BAAD /* Manager */,
			);
			name = ApplicationLogic;
			sourceTree = "<group>";
		};
		A26F03591BF513F100C8BAAD /* ModuleInterface */ = {
			isa = PBXGroup;
			children = (
				A26F03661BF5741C00C8BAAD /* ZTVideoBoxesModuleInterface.h */,
			);
			name = ModuleInterface;
			sourceTree = "<group>";
		};
		A26F035A1BF513FF00C8BAAD /* UserInterface */ = {
			isa = PBXGroup;
			children = (
				A26F035D1BF5147800C8BAAD /* Presenter */,
				A26F036E1BF5863D00C8BAAD /* Transition */,
				A26F035E1BF5148100C8BAAD /* View */,
				A26F035F1BF5148B00C8BAAD /* Wireframe */,
			);
			name = UserInterface;
			sourceTree = "<group>";
		};
		A26F035B1BF5143900C8BAAD /* Interactor */ = {
			isa = PBXGroup;
			children = (
				A26F036F1BF661FC00C8BAAD /* ZTVideoBoxesInteractorIO.h */,
				A26F03631BF5621A00C8BAAD /* ZTVideoBoxesInteractor.h */,
				A26F03641BF5621A00C8BAAD /* ZTVideoBoxesInteractor.m */,
			);
			name = Interactor;
			sourceTree = "<group>";
		};
		A26F035C1BF5144800C8BAAD /* Manager */ = {
			isa = PBXGroup;
			children = (
				A26F03601BF5157D00C8BAAD /* ZTVideoBoxesDataManager.h */,
				A26F03611BF5157D00C8BAAD /* ZTVideoBoxesDataManager.m */,
			);
			name = Manager;
			sourceTree = "<group>";
		};
		A26F035D1BF5147800C8BAAD /* Presenter */ = {
			isa = PBXGroup;
			children = (
				A26F03671BF574E400C8BAAD /* ZTVideoBoxesPresenter.h */,
				A26F03681BF574E400C8BAAD /* ZTVideoBoxesPresenter.m */,
			);
			name = Presenter;
			sourceTree = "<group>";
		};
		A26F035E1BF5148100C8BAAD /* View */ = {
			isa = PBXGroup;
			children = (
				A2FF39711BF4D83600E261E3 /* ZTVideoBoxesViewController.h */,
				A2FF39721BF4D83600E261E3 /* ZTVideoBoxesViewController.m */,
				A26F036D1BF57C7B00C8BAAD /* ZTVideoBoxesViewInterface.h */,
			);
			name = View;
			sourceTree = "<group>";
		};
		A26F035F1BF5148B00C8BAAD /* Wireframe */ = {
			isa = PBXGroup;
			children = (
				A26F036A1BF5763C00C8BAAD /* ZTVideoBoxesWireframe.h */,
				A26F036B1BF5763C00C8BAAD /* ZTVideoBoxesWireframe.m */,
			);
			name = Wireframe;
			sourceTree = "<group>";
		};
		A26F036E1BF5863D00C8BAAD /* Transition */ = {
			isa = PBXGroup;
			children = (
			);
			name = Transition;
			sourceTree = "<group>";
		};
		A2FF395F1BF4D83600E261E3 = {
			isa = PBXGroup;
			children = (
				A2FF396A1BF4D83600E261E3 /* ZazoVIPERTest */,
				A2FF39871BF4D83600E261E3 /* ZazoVIPERTestTests */,
				A2FF39921BF4D83600E261E3 /* ZazoVIPERTestUITests */,
				A2FF39691BF4D83600E261E3 /* Products */,
			);
			sourceTree = "<group>";
		};
		A2FF39691BF4D83600E261E3 /* Products */ = {
			isa = PBXGroup;
			children = (
				A2FF39681BF4D83600E261E3 /* ZazoVIPERTest.app */,
				A2FF39841BF4D83600E261E3 /* ZazoVIPERTestTests.xctest */,
				A2FF398F1BF4D83600E261E3 /* ZazoVIPERTestUITests.xctest */,
			);
			name = Products;
			sourceTree = "<group>";
		};
		A2FF396A1BF4D83600E261E3 /* ZazoVIPERTest */ = {
			isa = PBXGroup;
			children = (
				A26F03421BF50DD600C8BAAD /* Classes */,
				A26F03431BF50DE100C8BAAD /* Resources */,
				A2FF396B1BF4D83600E261E3 /* Supporting Files */,
				A2FF39771BF4D83600E261E3 /* ZazoVIPERTest.xcdatamodeld */,
			);
			path = ZazoVIPERTest;
			sourceTree = "<group>";
		};
		A2FF396B1BF4D83600E261E3 /* Supporting Files */ = {
			isa = PBXGroup;
			children = (
				A2FF397F1BF4D83600E261E3 /* Info.plist */,
				A2FF396C1BF4D83600E261E3 /* main.m */,
				A26F034A1BF50F5700C8BAAD /* ZazoVIPERTest-Prefix.pch */,
			);
			name = "Supporting Files";
			sourceTree = "<group>";
		};
		A2FF39871BF4D83600E261E3 /* ZazoVIPERTestTests */ = {
			isa = PBXGroup;
			children = (
				A2FF39881BF4D83600E261E3 /* ZazoVIPERTestTests.m */,
				A2FF398A1BF4D83600E261E3 /* Info.plist */,
			);
			path = ZazoVIPERTestTests;
			sourceTree = "<group>";
		};
		A2FF39921BF4D83600E261E3 /* ZazoVIPERTestUITests */ = {
			isa = PBXGroup;
			children = (
				A2FF39931BF4D83600E261E3 /* ZazoVIPERTestUITests.m */,
				A2FF39951BF4D83600E261E3 /* Info.plist */,
			);
			path = ZazoVIPERTestUITests;
			sourceTree = "<group>";
		};
/* End PBXGroup section */

/* Begin PBXNativeTarget section */
		A2FF39671BF4D83600E261E3 /* ZazoVIPERTest */ = {
			isa = PBXNativeTarget;
			buildConfigurationList = A2FF39981BF4D83600E261E3 /* Build configuration list for PBXNativeTarget "ZazoVIPERTest" */;
			buildPhases = (
				A2FF39641BF4D83600E261E3 /* Sources */,
				A2FF39651BF4D83600E261E3 /* Frameworks */,
				A2FF39661BF4D83600E261E3 /* Resources */,
			);
			buildRules = (
			);
			dependencies = (
			);
			name = ZazoVIPERTest;
			productName = ZazoVIPERTest;
			productReference = A2FF39681BF4D83600E261E3 /* ZazoVIPERTest.app */;
			productType = "com.apple.product-type.application";
		};
		A2FF39831BF4D83600E261E3 /* ZazoVIPERTestTests */ = {
			isa = PBXNativeTarget;
			buildConfigurationList = A2FF399B1BF4D83600E261E3 /* Build configuration list for PBXNativeTarget "ZazoVIPERTestTests" */;
			buildPhases = (
				A2FF39801BF4D83600E261E3 /* Sources */,
				A2FF39811BF4D83600E261E3 /* Frameworks */,
				A2FF39821BF4D83600E261E3 /* Resources */,
			);
			buildRules = (
			);
			dependencies = (
				A2FF39861BF4D83600E261E3 /* PBXTargetDependency */,
			);
			name = ZazoVIPERTestTests;
			productName = ZazoVIPERTestTests;
			productReference = A2FF39841BF4D83600E261E3 /* ZazoVIPERTestTests.xctest */;
			productType = "com.apple.product-type.bundle.unit-test";
		};
		A2FF398E1BF4D83600E261E3 /* ZazoVIPERTestUITests */ = {
			isa = PBXNativeTarget;
			buildConfigurationList = A2FF399E1BF4D83600E261E3 /* Build configuration list for PBXNativeTarget "ZazoVIPERTestUITests" */;
			buildPhases = (
				A2FF398B1BF4D83600E261E3 /* Sources */,
				A2FF398C1BF4D83600E261E3 /* Frameworks */,
				A2FF398D1BF4D83600E261E3 /* Resources */,
			);
			buildRules = (
			);
			dependencies = (
				A2FF39911BF4D83600E261E3 /* PBXTargetDependency */,
			);
			name = ZazoVIPERTestUITests;
			productName = ZazoVIPERTestUITests;
			productReference = A2FF398F1BF4D83600E261E3 /* ZazoVIPERTestUITests.xctest */;
			productType = "com.apple.product-type.bundle.ui-testing";
		};
/* End PBXNativeTarget section */

/* Begin PBXProject section */
		A2FF39601BF4D83600E261E3 /* Project object */ = {
			isa = PBXProject;
			attributes = {
				LastUpgradeCheck = 0710;
				ORGANIZATIONNAME = RIT;
				TargetAttributes = {
					A2FF39671BF4D83600E261E3 = {
						CreatedOnToolsVersion = 7.1;
					};
					A2FF39831BF4D83600E261E3 = {
						CreatedOnToolsVersion = 7.1;
						TestTargetID = A2FF39671BF4D83600E261E3;
					};
					A2FF398E1BF4D83600E261E3 = {
						CreatedOnToolsVersion = 7.1;
						TestTargetID = A2FF39671BF4D83600E261E3;
					};
				};
			};
			buildConfigurationList = A2FF39631BF4D83600E261E3 /* Build configuration list for PBXProject "ZazoVIPERTest" */;
			compatibilityVersion = "Xcode 3.2";
			developmentRegion = English;
			hasScannedForEncodings = 0;
			knownRegions = (
				en,
				Base,
			);
			mainGroup = A2FF395F1BF4D83600E261E3;
			productRefGroup = A2FF39691BF4D83600E261E3 /* Products */;
			projectDirPath = "";
			projectRoot = "";
			targets = (
				A2FF39671BF4D83600E261E3 /* ZazoVIPERTest */,
				A2FF39831BF4D83600E261E3 /* ZazoVIPERTestTests */,
				A2FF398E1BF4D83600E261E3 /* ZazoVIPERTestUITests */,
			);
		};
/* End PBXProject section */

/* Begin PBXResourcesBuildPhase section */
		A2FF39661BF4D83600E261E3 /* Resources */ = {
			isa = PBXResourcesBuildPhase;
			buildActionMask = 2147483647;
			files = (
				A2FF397E1BF4D83600E261E3 /* LaunchScreen.storyboard in Resources */,
				A2FF397B1BF4D83600E261E3 /* Assets.xcassets in Resources */,
				A2FF39761BF4D83600E261E3 /* Main.storyboard in Resources */,
			);
			runOnlyForDeploymentPostprocessing = 0;
		};
		A2FF39821BF4D83600E261E3 /* Resources */ = {
			isa = PBXResourcesBuildPhase;
			buildActionMask = 2147483647;
			files = (
			);
			runOnlyForDeploymentPostprocessing = 0;
		};
		A2FF398D1BF4D83600E261E3 /* Resources */ = {
			isa = PBXResourcesBuildPhase;
			buildActionMask = 2147483647;
			files = (
			);
			runOnlyForDeploymentPostprocessing = 0;
		};
/* End PBXResourcesBuildPhase section */

/* Begin PBXSourcesBuildPhase section */
		A2FF39641BF4D83600E261E3 /* Sources */ = {
			isa = PBXSourcesBuildPhase;
			buildActionMask = 2147483647;
			files = (
				A26F03511BF511DC00C8BAAD /* ZTVideoBoxItem.m in Sources */,
				A2FF39791BF4D83600E261E3 /* ZazoVIPERTest.xcdatamodeld in Sources */,
				A26F03621BF5157D00C8BAAD /* ZTVideoBoxesDataManager.m in Sources */,
				A2FF39731BF4D83600E261E3 /* ZTVideoBoxesViewController.m in Sources */,
				A2FF39701BF4D83600E261E3 /* ZTAppDelegate.m in Sources */,
				A2FF396D1BF4D83600E261E3 /* main.m in Sources */,
				A26F03571BF512B000C8BAAD /* ZTRootWireframe.m in Sources */,
				A26F03541BF5126F00C8BAAD /* ZTDataStore.m in Sources */,
				A26F03651BF5621A00C8BAAD /* ZTVideoBoxesInteractor.m in Sources */,
				A26F03491BF50F0C00C8BAAD /* ZTAppDependencies.m in Sources */,
				A26F036C1BF5763C00C8BAAD /* ZTVideoBoxesWireframe.m in Sources */,
				A26F03691BF574E400C8BAAD /* ZTVideoBoxesPresenter.m in Sources */,
			);
			runOnlyForDeploymentPostprocessing = 0;
		};
		A2FF39801BF4D83600E261E3 /* Sources */ = {
			isa = PBXSourcesBuildPhase;
			buildActionMask = 2147483647;
			files = (
				A2FF39891BF4D83600E261E3 /* ZazoVIPERTestTests.m in Sources */,
			);
			runOnlyForDeploymentPostprocessing = 0;
		};
		A2FF398B1BF4D83600E261E3 /* Sources */ = {
			isa = PBXSourcesBuildPhase;
			buildActionMask = 2147483647;
			files = (
				A2FF39941BF4D83600E261E3 /* ZazoVIPERTestUITests.m in Sources */,
			);
			runOnlyForDeploymentPostprocessing = 0;
		};
/* End PBXSourcesBuildPhase section */

/* Begin PBXTargetDependency section */
		A2FF39861BF4D83600E261E3 /* PBXTargetDependency */ = {
			isa = PBXTargetDependency;
			target = A2FF39671BF4D83600E261E3 /* ZazoVIPERTest */;
			targetProxy = A2FF39851BF4D83600E261E3 /* PBXContainerItemProxy */;
		};
		A2FF39911BF4D83600E261E3 /* PBXTargetDependency */ = {
			isa = PBXTargetDependency;
			target = A2FF39671BF4D83600E261E3 /* ZazoVIPERTest */;
			targetProxy = A2FF39901BF4D83600E261E3 /* PBXContainerItemProxy */;
		};
/* End PBXTargetDependency section */

/* Begin PBXVariantGroup section */
		A2FF39741BF4D83600E261E3 /* Main.storyboard */ = {
			isa = PBXVariantGroup;
			children = (
				A2FF39751BF4D83600E261E3 /* Base */,
			);
			name = Main.storyboard;
			sourceTree = "<group>";
		};
		A2FF397C1BF4D83600E261E3 /* LaunchScreen.storyboard */ = {
			isa = PBXVariantGroup;
			children = (
				A2FF397D1BF4D83600E261E3 /* Base */,
			);
			name = LaunchScreen.storyboard;
			sourceTree = "<group>";
		};
/* End PBXVariantGroup section */

/* Begin XCBuildConfiguration section */
		A2FF39961BF4D83600E261E3 /* Debug */ = {
			isa = XCBuildConfiguration;
			buildSettings = {
				ALWAYS_SEARCH_USER_PATHS = NO;
				CLANG_CXX_LANGUAGE_STANDARD = "gnu++0x";
				CLANG_CXX_LIBRARY = "libc++";
				CLANG_ENABLE_MODULES = YES;
				CLANG_ENABLE_OBJC_ARC = YES;
				CLANG_WARN_BOOL_CONVERSION = YES;
				CLANG_WARN_CONSTANT_CONVERSION = YES;
				CLANG_WARN_DIRECT_OBJC_ISA_USAGE = YES_ERROR;
				CLANG_WARN_EMPTY_BODY = YES;
				CLANG_WARN_ENUM_CONVERSION = YES;
				CLANG_WARN_INT_CONVERSION = YES;
				CLANG_WARN_OBJC_ROOT_CLASS = YES_ERROR;
				CLANG_WARN_UNREACHABLE_CODE = YES;
				CLANG_WARN__DUPLICATE_METHOD_MATCH = YES;
				"CODE_SIGN_IDENTITY[sdk=iphoneos*]" = "iPhone Developer";
				COPY_PHASE_STRIP = NO;
				DEBUG_INFORMATION_FORMAT = dwarf;
				ENABLE_STRICT_OBJC_MSGSEND = YES;
				ENABLE_TESTABILITY = YES;
				GCC_C_LANGUAGE_STANDARD = gnu99;
				GCC_DYNAMIC_NO_PIC = NO;
				GCC_NO_COMMON_BLOCKS = YES;
				GCC_OPTIMIZATION_LEVEL = 0;
				GCC_PREPROCESSOR_DEFINITIONS = (
					"DEBUG=1",
					"$(inherited)",
				);
				GCC_WARN_64_TO_32_BIT_CONVERSION = YES;
				GCC_WARN_ABOUT_RETURN_TYPE = YES_ERROR;
				GCC_WARN_UNDECLARED_SELECTOR = YES;
				GCC_WARN_UNINITIALIZED_AUTOS = YES_AGGRESSIVE;
				GCC_WARN_UNUSED_FUNCTION = YES;
				GCC_WARN_UNUSED_VARIABLE = YES;
				IPHONEOS_DEPLOYMENT_TARGET = 9.1;
				MTL_ENABLE_DEBUG_INFO = YES;
				ONLY_ACTIVE_ARCH = YES;
				SDKROOT = iphoneos;
			};
			name = Debug;
		};
		A2FF39971BF4D83600E261E3 /* Release */ = {
			isa = XCBuildConfiguration;
			buildSettings = {
				ALWAYS_SEARCH_USER_PATHS = NO;
				CLANG_CXX_LANGUAGE_STANDARD = "gnu++0x";
				CLANG_CXX_LIBRARY = "libc++";
				CLANG_ENABLE_MODULES = YES;
				CLANG_ENABLE_OBJC_ARC = YES;
				CLANG_WARN_BOOL_CONVERSION = YES;
				CLANG_WARN_CONSTANT_CONVERSION = YES;
				CLANG_WARN_DIRECT_OBJC_ISA_USAGE = YES_ERROR;
				CLANG_WARN_EMPTY_BODY = YES;
				CLANG_WARN_ENUM_CONVERSION = YES;
				CLANG_WARN_INT_CONVERSION = YES;
				CLANG_WARN_OBJC_ROOT_CLASS = YES_ERROR;
				CLANG_WARN_UNREACHABLE_CODE = YES;
				CLANG_WARN__DUPLICATE_METHOD_MATCH = YES;
				"CODE_SIGN_IDENTITY[sdk=iphoneos*]" = "iPhone Developer";
				COPY_PHASE_STRIP = NO;
				DEBUG_INFORMATION_FORMAT = "dwarf-with-dsym";
				ENABLE_NS_ASSERTIONS = NO;
				ENABLE_STRICT_OBJC_MSGSEND = YES;
				GCC_C_LANGUAGE_STANDARD = gnu99;
				GCC_NO_COMMON_BLOCKS = YES;
				GCC_WARN_64_TO_32_BIT_CONVERSION = YES;
				GCC_WARN_ABOUT_RETURN_TYPE = YES_ERROR;
				GCC_WARN_UNDECLARED_SELECTOR = YES;
				GCC_WARN_UNINITIALIZED_AUTOS = YES_AGGRESSIVE;
				GCC_WARN_UNUSED_FUNCTION = YES;
				GCC_WARN_UNUSED_VARIABLE = YES;
				IPHONEOS_DEPLOYMENT_TARGET = 9.1;
				MTL_ENABLE_DEBUG_INFO = NO;
				SDKROOT = iphoneos;
				VALIDATE_PRODUCT = YES;
			};
			name = Release;
		};
		A2FF39991BF4D83600E261E3 /* Debug */ = {
			isa = XCBuildConfiguration;
			buildSettings = {
				ASSETCATALOG_COMPILER_APPICON_NAME = AppIcon;
				GCC_PREFIX_HEADER = "ZazoVIPERTest/ZazoVIPERTest-Prefix.pch";
				INFOPLIST_FILE = ZazoVIPERTest/Info.plist;
				LD_RUNPATH_SEARCH_PATHS = "$(inherited) @executable_path/Frameworks";
				PRODUCT_BUNDLE_IDENTIFIER = rit.ua.ZazoVIPERTest;
				PRODUCT_NAME = "$(TARGET_NAME)";
			};
			name = Debug;
		};
		A2FF399A1BF4D83600E261E3 /* Release */ = {
			isa = XCBuildConfiguration;
			buildSettings = {
				ASSETCATALOG_COMPILER_APPICON_NAME = AppIcon;
				GCC_PREFIX_HEADER = "ZazoVIPERTest/ZazoVIPERTest-Prefix.pch";
				INFOPLIST_FILE = ZazoVIPERTest/Info.plist;
				LD_RUNPATH_SEARCH_PATHS = "$(inherited) @executable_path/Frameworks";
				PRODUCT_BUNDLE_IDENTIFIER = rit.ua.ZazoVIPERTest;
				PRODUCT_NAME = "$(TARGET_NAME)";
			};
			name = Release;
		};
		A2FF399C1BF4D83600E261E3 /* Debug */ = {
			isa = XCBuildConfiguration;
			buildSettings = {
				BUNDLE_LOADER = "$(TEST_HOST)";
				GCC_PREFIX_HEADER = "ZazoVIPERTest/ZazoVIPERTest-Prefix.pch";
				INFOPLIST_FILE = ZazoVIPERTestTests/Info.plist;
				LD_RUNPATH_SEARCH_PATHS = "$(inherited) @executable_path/Frameworks @loader_path/Frameworks";
				PRODUCT_BUNDLE_IDENTIFIER = rit.ua.ZazoVIPERTestTests;
				PRODUCT_NAME = "$(TARGET_NAME)";
				TEST_HOST = "$(BUILT_PRODUCTS_DIR)/ZazoVIPERTest.app/ZazoVIPERTest";
			};
			name = Debug;
		};
		A2FF399D1BF4D83600E261E3 /* Release */ = {
			isa = XCBuildConfiguration;
			buildSettings = {
				BUNDLE_LOADER = "$(TEST_HOST)";
				GCC_PREFIX_HEADER = "ZazoVIPERTest/ZazoVIPERTest-Prefix.pch";
				INFOPLIST_FILE = ZazoVIPERTestTests/Info.plist;
				LD_RUNPATH_SEARCH_PATHS = "$(inherited) @executable_path/Frameworks @loader_path/Frameworks";
				PRODUCT_BUNDLE_IDENTIFIER = rit.ua.ZazoVIPERTestTests;
				PRODUCT_NAME = "$(TARGET_NAME)";
				TEST_HOST = "$(BUILT_PRODUCTS_DIR)/ZazoVIPERTest.app/ZazoVIPERTest";
			};
			name = Release;
		};
		A2FF399F1BF4D83600E261E3 /* Debug */ = {
			isa = XCBuildConfiguration;
			buildSettings = {
				GCC_PREFIX_HEADER = "ZazoVIPERTest/ZazoVIPERTest-Prefix.pch";
				INFOPLIST_FILE = ZazoVIPERTestUITests/Info.plist;
				LD_RUNPATH_SEARCH_PATHS = "$(inherited) @executable_path/Frameworks @loader_path/Frameworks";
				PRODUCT_BUNDLE_IDENTIFIER = rit.ua.ZazoVIPERTestUITests;
				PRODUCT_NAME = "$(TARGET_NAME)";
				TEST_TARGET_NAME = ZazoVIPERTest;
				USES_XCTRUNNER = YES;
			};
			name = Debug;
		};
		A2FF39A01BF4D83600E261E3 /* Release */ = {
			isa = XCBuildConfiguration;
			buildSettings = {
				GCC_PREFIX_HEADER = "ZazoVIPERTest/ZazoVIPERTest-Prefix.pch";
				INFOPLIST_FILE = ZazoVIPERTestUITests/Info.plist;
				LD_RUNPATH_SEARCH_PATHS = "$(inherited) @executable_path/Frameworks @loader_path/Frameworks";
				PRODUCT_BUNDLE_IDENTIFIER = rit.ua.ZazoVIPERTestUITests;
				PRODUCT_NAME = "$(TARGET_NAME)";
				TEST_TARGET_NAME = ZazoVIPERTest;
				USES_XCTRUNNER = YES;
			};
			name = Release;
		};
/* End XCBuildConfiguration section */

/* Begin XCConfigurationList section */
		A2FF39631BF4D83600E261E3 /* Build configuration list for PBXProject "ZazoVIPERTest" */ = {
			isa = XCConfigurationList;
			buildConfigurations = (
				A2FF39961BF4D83600E261E3 /* Debug */,
				A2FF39971BF4D83600E261E3 /* Release */,
			);
			defaultConfigurationIsVisible = 0;
			defaultConfigurationName = Release;
		};
		A2FF39981BF4D83600E261E3 /* Build configuration list for PBXNativeTarget "ZazoVIPERTest" */ = {
			isa = XCConfigurationList;
			buildConfigurations = (
				A2FF39991BF4D83600E261E3 /* Debug */,
				A2FF399A1BF4D83600E261E3 /* Release */,
			);
			defaultConfigurationIsVisible = 0;
			defaultConfigurationName = Release;
		};
		A2FF399B1BF4D83600E261E3 /* Build configuration list for PBXNativeTarget "ZazoVIPERTestTests" */ = {
			isa = XCConfigurationList;
			buildConfigurations = (
				A2FF399C1BF4D83600E261E3 /* Debug */,
				A2FF399D1BF4D83600E261E3 /* Release */,
			);
			defaultConfigurationIsVisible = 0;
			defaultConfigurationName = Release;
		};
		A2FF399E1BF4D83600E261E3 /* Build configuration list for PBXNativeTarget "ZazoVIPERTestUITests" */ = {
			isa = XCConfigurationList;
			buildConfigurations = (
				A2FF399F1BF4D83600E261E3 /* Debug */,
				A2FF39A01BF4D83600E261E3 /* Release */,
			);
			defaultConfigurationIsVisible = 0;
			defaultConfigurationName = Release;
		};
/* End XCConfigurationList section */

/* Begin XCVersionGroup section */
		A2FF39771BF4D83600E261E3 /* ZazoVIPERTest.xcdatamodeld */ = {
			isa = XCVersionGroup;
			children = (
				A2FF39781BF4D83600E261E3 /* ZazoVIPERTest.xcdatamodel */,
			);
			currentVersion = A2FF39781BF4D83600E261E3 /* ZazoVIPERTest.xcdatamodel */;
			path = ZazoVIPERTest.xcdatamodeld;
			sourceTree = "<group>";
			versionGroupType = wrapper.xcdatamodel;
		};
/* End XCVersionGroup section */
	};
	rootObject = A2FF39601BF4D83600E261E3 /* Project object */;
}
